
Microsoft Visual Studio Solution File, Format Version 12.00
# Visual Studio Version 16
VisualStudioVersion = 16.0.29519.87
MinimumVisualStudioVersion = 10.0.40219.1
Project("{FAE04EC0-301F-11D3-BF4B-00C04F79EFBC}") = "CalcPoligonos", "CalcPoligonos.csproj", "{9DF6EF31-5C62-452C-A8EF-C0BDA018F471}"
EndProject
Global
	GlobalSection(SolutionConfigurationPlatforms) = preSolution
		Debug|Any CPU = Debug|Any CPU
		Release|Any CPU = Release|Any CPU
	EndGlobalSection
	GlobalSection(ProjectConfigurationPlatforms) = postSolution
		{9DF6EF31-5C62-452C-A8EF-C0BDA018F471}.Debug|Any CPU.ActiveCfg = Debug|Any CPU
		{9DF6EF31-5C62-452C-A8EF-C0BDA018F471}.Debug|Any CPU.Build.0 = Debug|Any CPU
		{9DF6EF31-5C62-452C-A8EF-C0BDA018F471}.Release|Any CPU.ActiveCfg = Release|Any CPU
		{9DF6EF31-5C62-452C-A8EF-C0BDA018F471}.Release|Any CPU.Build.0 = Release|Any CPU
	EndGlobalSection
	GlobalSection(SolutionProperties) = preSolution
		HideSolutionNode = FALSE
	EndGlobalSection
	GlobalSection(ExtensibilityGlobals) = postSolution
		SolutionGuid = {EE7ED6F1-56CD-466B-B72F-947890277254}
	EndGlobalSection
EndGlobal
